// !$*UTF8*$!
{
	archiveVersion = 1;
	classes = {
	};
	objectVersion = 50;
	objects = {

/* Begin PBXBuildFile section */
		7F1FEC7F22DC808D00689758 /* main.swift in Sources */ = {isa = PBXBuildFile; fileRef = 7F1FEC7E22DC808D00689758 /* main.swift */; };
		7F1FEC8122DC822700689758 /* Mems.swift in Sources */ = {isa = PBXBuildFile; fileRef = 7F1FEC8022DC822700689758 /* Mems.swift */; };
		7F4B4CD9241768EE00391F3E /* main.swift in Sources */ = {isa = PBXBuildFile; fileRef = 7F4B4CD8241768EE00391F3E /* main.swift */; };
		7F4B4CE42417BB1900391F3E /* main.swift in Sources */ = {isa = PBXBuildFile; fileRef = 7F4B4CE32417BB1900391F3E /* main.swift */; };
		7F77DE55241B90AE001F76FB /* main.swift in Sources */ = {isa = PBXBuildFile; fileRef = 7F77DE54241B90AE001F76FB /* main.swift */; };
		7F8EEF9822D5B4170049FEA8 /* main.swift in Sources */ = {isa = PBXBuildFile; fileRef = 7F8EEF9722D5B4170049FEA8 /* main.swift */; };
		7FA0206A22C616BE007A9BA0 /* main.swift in Sources */ = {isa = PBXBuildFile; fileRef = 7FA0206922C616BE007A9BA0 /* main.swift */; };
		7FA0207122C616FA007A9BA0 /* Mems.swift in Sources */ = {isa = PBXBuildFile; fileRef = 7FA0207022C616FA007A9BA0 /* Mems.swift */; };
		7FA66C68240CFF31007B6704 /* main.swift in Sources */ = {isa = PBXBuildFile; fileRef = 7FA66C67240CFF31007B6704 /* main.swift */; };
		7FBD9FCA2416157E0014CCE5 /* main.swift in Sources */ = {isa = PBXBuildFile; fileRef = 7FBD9FC92416157E0014CCE5 /* main.swift */; };
		7FEB0AC822C9F5F80075A605 /* main.swift in Sources */ = {isa = PBXBuildFile; fileRef = 7FEB0AC722C9F5F80075A605 /* main.swift */; };
		8D3C4240240BE2EF002949A2 /* main.swift in Sources */ = {isa = PBXBuildFile; fileRef = 8D3C423F240BE2EF002949A2 /* main.swift */; };
		8D3C424B240CE7D8002949A2 /* main.swift in Sources */ = {isa = PBXBuildFile; fileRef = 8D3C424A240CE7D8002949A2 /* main.swift */; };
		8D4E4CA222DB100A00DC58A3 /* main.swift in Sources */ = {isa = PBXBuildFile; fileRef = 8D4E4CA122DB100A00DC58A3 /* main.swift */; };
		8D4E4CAD22DB1B5500DC58A3 /* main.swift in Sources */ = {isa = PBXBuildFile; fileRef = 8D4E4CAC22DB1B5500DC58A3 /* main.swift */; };
		8D4E4CB822DB1C0000DC58A3 /* main.swift in Sources */ = {isa = PBXBuildFile; fileRef = 8D4E4CB722DB1C0000DC58A3 /* main.swift */; };
		8DBA2589240A54B100E1BBC9 /* main.swift in Sources */ = {isa = PBXBuildFile; fileRef = 8DBA2588240A54B100E1BBC9 /* main.swift */; };
		8DBA2594240B942400E1BBC9 /* main.swift in Sources */ = {isa = PBXBuildFile; fileRef = 8DBA2593240B942400E1BBC9 /* main.swift */; };
/* End PBXBuildFile section */

/* Begin PBXCopyFilesBuildPhase section */
		7F1FEC7122DC806600689758 /* CopyFiles */ = {
			isa = PBXCopyFilesBuildPhase;
			buildActionMask = 2147483647;
			dstPath = /usr/share/man/man1/;
			dstSubfolderSpec = 0;
			files = (
			);
			runOnlyForDeploymentPostprocessing = 1;
		};
		7F4B4CD4241768EE00391F3E /* CopyFiles */ = {
			isa = PBXCopyFilesBuildPhase;
			buildActionMask = 2147483647;
			dstPath = /usr/share/man/man1/;
			dstSubfolderSpec = 0;
			files = (
			);
			runOnlyForDeploymentPostprocessing = 1;
		};
		7F4B4CDF2417BB1900391F3E /* CopyFiles */ = {
			isa = PBXCopyFilesBuildPhase;
			buildActionMask = 2147483647;
			dstPath = /usr/share/man/man1/;
			dstSubfolderSpec = 0;
			files = (
			);
			runOnlyForDeploymentPostprocessing = 1;
		};
		7F77DE50241B90AE001F76FB /* CopyFiles */ = {
			isa = PBXCopyFilesBuildPhase;
			buildActionMask = 2147483647;
			dstPath = /usr/share/man/man1/;
			dstSubfolderSpec = 0;
			files = (
			);
			runOnlyForDeploymentPostprocessing = 1;
		};
		7F8EEF9322D5B4170049FEA8 /* CopyFiles */ = {
			isa = PBXCopyFilesBuildPhase;
			buildActionMask = 2147483647;
			dstPath = /usr/share/man/man1/;
			dstSubfolderSpec = 0;
			files = (
			);
			runOnlyForDeploymentPostprocessing = 1;
		};
		7FA0206422C616BE007A9BA0 /* CopyFiles */ = {
			isa = PBXCopyFilesBuildPhase;
			buildActionMask = 2147483647;
			dstPath = /usr/share/man/man1/;
			dstSubfolderSpec = 0;
			files = (
			);
			runOnlyForDeploymentPostprocessing = 1;
		};
		7FA66C63240CFF31007B6704 /* CopyFiles */ = {
			isa = PBXCopyFilesBuildPhase;
			buildActionMask = 2147483647;
			dstPath = /usr/share/man/man1/;
			dstSubfolderSpec = 0;
			files = (
			);
			runOnlyForDeploymentPostprocessing = 1;
		};
		7FBD9FC52416157E0014CCE5 /* CopyFiles */ = {
			isa = PBXCopyFilesBuildPhase;
			buildActionMask = 2147483647;
			dstPath = /usr/share/man/man1/;
			dstSubfolderSpec = 0;
			files = (
			);
			runOnlyForDeploymentPostprocessing = 1;
		};
		7FEB0AC322C9F5F80075A605 /* CopyFiles */ = {
			isa = PBXCopyFilesBuildPhase;
			buildActionMask = 2147483647;
			dstPath = /usr/share/man/man1/;
			dstSubfolderSpec = 0;
			files = (
			);
			runOnlyForDeploymentPostprocessing = 1;
		};
		8D3C423B240BE2EF002949A2 /* CopyFiles */ = {
			isa = PBXCopyFilesBuildPhase;
			buildActionMask = 2147483647;
			dstPath = /usr/share/man/man1/;
			dstSubfolderSpec = 0;
			files = (
			);
			runOnlyForDeploymentPostprocessing = 1;
		};
		8D3C4246240CE7D8002949A2 /* CopyFiles */ = {
			isa = PBXCopyFilesBuildPhase;
			buildActionMask = 2147483647;
			dstPath = /usr/share/man/man1/;
			dstSubfolderSpec = 0;
			files = (
			);
			runOnlyForDeploymentPostprocessing = 1;
		};
		8D4E4C9D22DB100A00DC58A3 /* CopyFiles */ = {
			isa = PBXCopyFilesBuildPhase;
			buildActionMask = 2147483647;
			dstPath = /usr/share/man/man1/;
			dstSubfolderSpec = 0;
			files = (
			);
			runOnlyForDeploymentPostprocessing = 1;
		};
		8D4E4CA822DB1B5500DC58A3 /* CopyFiles */ = {
			isa = PBXCopyFilesBuildPhase;
			buildActionMask = 2147483647;
			dstPath = /usr/share/man/man1/;
			dstSubfolderSpec = 0;
			files = (
			);
			runOnlyForDeploymentPostprocessing = 1;
		};
		8D4E4CB322DB1C0000DC58A3 /* CopyFiles */ = {
			isa = PBXCopyFilesBuildPhase;
			buildActionMask = 2147483647;
			dstPath = /usr/share/man/man1/;
			dstSubfolderSpec = 0;
			files = (
			);
			runOnlyForDeploymentPostprocessing = 1;
		};
		8DBA2584240A54B100E1BBC9 /* CopyFiles */ = {
			isa = PBXCopyFilesBuildPhase;
			buildActionMask = 2147483647;
			dstPath = /usr/share/man/man1/;
			dstSubfolderSpec = 0;
			files = (
			);
			runOnlyForDeploymentPostprocessing = 1;
		};
		8DBA258F240B942400E1BBC9 /* CopyFiles */ = {
			isa = PBXCopyFilesBuildPhase;
			buildActionMask = 2147483647;
			dstPath = /usr/share/man/man1/;
			dstSubfolderSpec = 0;
			files = (
			);
			runOnlyForDeploymentPostprocessing = 1;
		};
/* End PBXCopyFilesBuildPhase section */

/* Begin PBXFileReference section */
		7F1FEC7322DC806600689758 /* 07-继承 */ = {isa = PBXFileReference; explicitFileType = "compiled.mach-o.executable"; includeInIndex = 0; path = "07-继承"; sourceTree = BUILT_PRODUCTS_DIR; };
		7F1FEC7E22DC808D00689758 /* main.swift */ = {isa = PBXFileReference; fileEncoding = 4; lastKnownFileType = sourcecode.swift; path = main.swift; sourceTree = "<group>"; };
		7F1FEC8022DC822700689758 /* Mems.swift */ = {isa = PBXFileReference; fileEncoding = 4; lastKnownFileType = sourcecode.swift; path = Mems.swift; sourceTree = "<group>"; };
		7F4B4CD6241768EE00391F3E /* 14-扩展 */ = {isa = PBXFileReference; explicitFileType = "compiled.mach-o.executable"; includeInIndex = 0; path = "14-扩展"; sourceTree = BUILT_PRODUCTS_DIR; };
		7F4B4CD8241768EE00391F3E /* main.swift */ = {isa = PBXFileReference; lastKnownFileType = sourcecode.swift; path = main.swift; sourceTree = "<group>"; };
		7F4B4CE12417BB1900391F3E /* 15-访问控制 */ = {isa = PBXFileReference; explicitFileType = "compiled.mach-o.executable"; includeInIndex = 0; path = "15-访问控制"; sourceTree = BUILT_PRODUCTS_DIR; };
		7F4B4CE32417BB1900391F3E /* main.swift */ = {isa = PBXFileReference; lastKnownFileType = sourcecode.swift; path = main.swift; sourceTree = "<group>"; };
		7F77DE52241B90AE001F76FB /* 16-内存管理 */ = {isa = PBXFileReference; explicitFileType = "compiled.mach-o.executable"; includeInIndex = 0; path = "16-内存管理"; sourceTree = BUILT_PRODUCTS_DIR; };
		7F77DE54241B90AE001F76FB /* main.swift */ = {isa = PBXFileReference; lastKnownFileType = sourcecode.swift; path = main.swift; sourceTree = "<group>"; };
		7F8EEF9522D5B4170049FEA8 /* 04-属性 */ = {isa = PBXFileReference; explicitFileType = "compiled.mach-o.executable"; includeInIndex = 0; path = "04-属性"; sourceTree = BUILT_PRODUCTS_DIR; };
		7F8EEF9722D5B4170049FEA8 /* main.swift */ = {isa = PBXFileReference; lastKnownFileType = sourcecode.swift; path = main.swift; sourceTree = "<group>"; };
		7FA0206622C616BE007A9BA0 /* Swift底层探索 */ = {isa = PBXFileReference; explicitFileType = "compiled.mach-o.executable"; includeInIndex = 0; path = "Swift底层探索"; sourceTree = BUILT_PRODUCTS_DIR; };
		7FA0206922C616BE007A9BA0 /* main.swift */ = {isa = PBXFileReference; lastKnownFileType = sourcecode.swift; path = main.swift; sourceTree = "<group>"; };
		7FA0207022C616FA007A9BA0 /* Mems.swift */ = {isa = PBXFileReference; fileEncoding = 4; lastKnownFileType = sourcecode.swift; path = Mems.swift; sourceTree = "<group>"; };
		7FA66C65240CFF31007B6704 /* 12-泛型 */ = {isa = PBXFileReference; explicitFileType = "compiled.mach-o.executable"; includeInIndex = 0; path = "12-泛型"; sourceTree = BUILT_PRODUCTS_DIR; };
		7FA66C67240CFF31007B6704 /* main.swift */ = {isa = PBXFileReference; lastKnownFileType = sourcecode.swift; path = main.swift; sourceTree = "<group>"; };
		7FBD9FC72416157E0014CCE5 /* 13-高级运算符 */ = {isa = PBXFileReference; explicitFileType = "compiled.mach-o.executable"; includeInIndex = 0; path = "13-高级运算符"; sourceTree = BUILT_PRODUCTS_DIR; };
		7FBD9FC92416157E0014CCE5 /* main.swift */ = {isa = PBXFileReference; lastKnownFileType = sourcecode.swift; path = main.swift; sourceTree = "<group>"; };
		7FEB0AC522C9F5F80075A605 /* 03-闭包 */ = {isa = PBXFileReference; explicitFileType = "compiled.mach-o.executable"; includeInIndex = 0; path = "03-闭包"; sourceTree = BUILT_PRODUCTS_DIR; };
		7FEB0AC722C9F5F80075A605 /* main.swift */ = {isa = PBXFileReference; lastKnownFileType = sourcecode.swift; path = main.swift; sourceTree = "<group>"; };
		8D3C423D240BE2EF002949A2 /* 10-协议 */ = {isa = PBXFileReference; explicitFileType = "compiled.mach-o.executable"; includeInIndex = 0; path = "10-协议"; sourceTree = BUILT_PRODUCTS_DIR; };
		8D3C423F240BE2EF002949A2 /* main.swift */ = {isa = PBXFileReference; lastKnownFileType = sourcecode.swift; path = main.swift; sourceTree = "<group>"; };
		8D3C4248240CE7D8002949A2 /* 11-错误处理 */ = {isa = PBXFileReference; explicitFileType = "compiled.mach-o.executable"; includeInIndex = 0; path = "11-错误处理"; sourceTree = BUILT_PRODUCTS_DIR; };
		8D3C424A240CE7D8002949A2 /* main.swift */ = {isa = PBXFileReference; lastKnownFileType = sourcecode.swift; path = main.swift; sourceTree = "<group>"; };
		8D4E4C9F22DB100A00DC58A3 /* 05-方法 */ = {isa = PBXFileReference; explicitFileType = "compiled.mach-o.executable"; includeInIndex = 0; path = "05-方法"; sourceTree = BUILT_PRODUCTS_DIR; };
		8D4E4CA122DB100A00DC58A3 /* main.swift */ = {isa = PBXFileReference; lastKnownFileType = sourcecode.swift; path = main.swift; sourceTree = "<group>"; };
		8D4E4CAA22DB1B5500DC58A3 /* 02-类和结构体 */ = {isa = PBXFileReference; explicitFileType = "compiled.mach-o.executable"; includeInIndex = 0; path = "02-类和结构体"; sourceTree = BUILT_PRODUCTS_DIR; };
		8D4E4CAC22DB1B5500DC58A3 /* main.swift */ = {isa = PBXFileReference; lastKnownFileType = sourcecode.swift; path = main.swift; sourceTree = "<group>"; };
		8D4E4CB522DB1C0000DC58A3 /* 06-下标 */ = {isa = PBXFileReference; explicitFileType = "compiled.mach-o.executable"; includeInIndex = 0; path = "06-下标"; sourceTree = BUILT_PRODUCTS_DIR; };
		8D4E4CB722DB1C0000DC58A3 /* main.swift */ = {isa = PBXFileReference; lastKnownFileType = sourcecode.swift; path = main.swift; sourceTree = "<group>"; };
		8DBA2586240A54B100E1BBC9 /* 08-初始化 */ = {isa = PBXFileReference; explicitFileType = "compiled.mach-o.executable"; includeInIndex = 0; path = "08-初始化"; sourceTree = BUILT_PRODUCTS_DIR; };
		8DBA2588240A54B100E1BBC9 /* main.swift */ = {isa = PBXFileReference; lastKnownFileType = sourcecode.swift; path = main.swift; sourceTree = "<group>"; };
		8DBA2591240B942400E1BBC9 /* 09-可选链 */ = {isa = PBXFileReference; explicitFileType = "compiled.mach-o.executable"; includeInIndex = 0; path = "09-可选链"; sourceTree = BUILT_PRODUCTS_DIR; };
		8DBA2593240B942400E1BBC9 /* main.swift */ = {isa = PBXFileReference; lastKnownFileType = sourcecode.swift; path = main.swift; sourceTree = "<group>"; };
/* End PBXFileReference section */

/* Begin PBXFrameworksBuildPhase section */
		7F1FEC7022DC806600689758 /* Frameworks */ = {
			isa = PBXFrameworksBuildPhase;
			buildActionMask = 2147483647;
			files = (
			);
			runOnlyForDeploymentPostprocessing = 0;
		};
		7F4B4CD3241768EE00391F3E /* Frameworks */ = {
			isa = PBXFrameworksBuildPhase;
			buildActionMask = 2147483647;
			files = (
			);
			runOnlyForDeploymentPostprocessing = 0;
		};
		7F4B4CDE2417BB1900391F3E /* Frameworks */ = {
			isa = PBXFrameworksBuildPhase;
			buildActionMask = 2147483647;
			files = (
			);
			runOnlyForDeploymentPostprocessing = 0;
		};
		7F77DE4F241B90AE001F76FB /* Frameworks */ = {
			isa = PBXFrameworksBuildPhase;
			buildActionMask = 2147483647;
			files = (
			);
			runOnlyForDeploymentPostprocessing = 0;
		};
		7F8EEF9222D5B4170049FEA8 /* Frameworks */ = {
			isa = PBXFrameworksBuildPhase;
			buildActionMask = 2147483647;
			files = (
			);
			runOnlyForDeploymentPostprocessing = 0;
		};
		7FA0206322C616BE007A9BA0 /* Frameworks */ = {
			isa = PBXFrameworksBuildPhase;
			buildActionMask = 2147483647;
			files = (
			);
			runOnlyForDeploymentPostprocessing = 0;
		};
		7FA66C62240CFF31007B6704 /* Frameworks */ = {
			isa = PBXFrameworksBuildPhase;
			buildActionMask = 2147483647;
			files = (
			);
			runOnlyForDeploymentPostprocessing = 0;
		};
		7FBD9FC42416157E0014CCE5 /* Frameworks */ = {
			isa = PBXFrameworksBuildPhase;
			buildActionMask = 2147483647;
			files = (
			);
			runOnlyForDeploymentPostprocessing = 0;
		};
		7FEB0AC222C9F5F80075A605 /* Frameworks */ = {
			isa = PBXFrameworksBuildPhase;
			buildActionMask = 2147483647;
			files = (
			);
			runOnlyForDeploymentPostprocessing = 0;
		};
		8D3C423A240BE2EF002949A2 /* Frameworks */ = {
			isa = PBXFrameworksBuildPhase;
			buildActionMask = 2147483647;
			files = (
			);
			runOnlyForDeploymentPostprocessing = 0;
		};
		8D3C4245240CE7D8002949A2 /* Frameworks */ = {
			isa = PBXFrameworksBuildPhase;
			buildActionMask = 2147483647;
			files = (
			);
			runOnlyForDeploymentPostprocessing = 0;
		};
		8D4E4C9C22DB100A00DC58A3 /* Frameworks */ = {
			isa = PBXFrameworksBuildPhase;
			buildActionMask = 2147483647;
			files = (
			);
			runOnlyForDeploymentPostprocessing = 0;
		};
		8D4E4CA722DB1B5500DC58A3 /* Frameworks */ = {
			isa = PBXFrameworksBuildPhase;
			buildActionMask = 2147483647;
			files = (
			);
			runOnlyForDeploymentPostprocessing = 0;
		};
		8D4E4CB222DB1C0000DC58A3 /* Frameworks */ = {
			isa = PBXFrameworksBuildPhase;
			buildActionMask = 2147483647;
			files = (
			);
			runOnlyForDeploymentPostprocessing = 0;
		};
		8DBA2583240A54B100E1BBC9 /* Frameworks */ = {
			isa = PBXFrameworksBuildPhase;
			buildActionMask = 2147483647;
			files = (
			);
			runOnlyForDeploymentPostprocessing = 0;
		};
		8DBA258E240B942400E1BBC9 /* Frameworks */ = {
			isa = PBXFrameworksBuildPhase;
			buildActionMask = 2147483647;
			files = (
			);
			runOnlyForDeploymentPostprocessing = 0;
		};
/* End PBXFrameworksBuildPhase section */

/* Begin PBXGroup section */
		7F1FEC7D22DC808D00689758 /* 07-继承 */ = {
			isa = PBXGroup;
			children = (
				7F1FEC8022DC822700689758 /* Mems.swift */,
				7F1FEC7E22DC808D00689758 /* main.swift */,
			);
			path = "07-继承";
			sourceTree = "<group>";
		};
		7F4B4CD7241768EE00391F3E /* 14-扩展 */ = {
			isa = PBXGroup;
			children = (
				7F4B4CD8241768EE00391F3E /* main.swift */,
			);
			path = "14-扩展";
			sourceTree = "<group>";
		};
		7F4B4CE22417BB1900391F3E /* 15-访问控制 */ = {
			isa = PBXGroup;
			children = (
				7F4B4CE32417BB1900391F3E /* main.swift */,
			);
			path = "15-访问控制";
			sourceTree = "<group>";
		};
		7F77DE53241B90AE001F76FB /* 16-内存管理 */ = {
			isa = PBXGroup;
			children = (
				7F77DE54241B90AE001F76FB /* main.swift */,
			);
			path = "16-内存管理";
			sourceTree = "<group>";
		};
		7F8EEF9622D5B4170049FEA8 /* 04-属性 */ = {
			isa = PBXGroup;
			children = (
				7F8EEF9722D5B4170049FEA8 /* main.swift */,
			);
			path = "04-属性";
			sourceTree = "<group>";
		};
		7FA0205D22C616BE007A9BA0 = {
			isa = PBXGroup;
			children = (
				7FA0206822C616BE007A9BA0 /* Swift底层探索 */,
				8D4E4CAB22DB1B5500DC58A3 /* 02-类和结构体 */,
				7FEB0AC622C9F5F80075A605 /* 03-闭包 */,
				7F8EEF9622D5B4170049FEA8 /* 04-属性 */,
				8D4E4CA022DB100A00DC58A3 /* 05-方法 */,
				8D4E4CB622DB1C0000DC58A3 /* 06-下标 */,
				7F1FEC7D22DC808D00689758 /* 07-继承 */,
				8DBA2587240A54B100E1BBC9 /* 08-初始化 */,
				8DBA2592240B942400E1BBC9 /* 09-可选链 */,
				8D3C423E240BE2EF002949A2 /* 10-协议 */,
				8D3C4249240CE7D8002949A2 /* 11-错误处理 */,
				7FA66C66240CFF31007B6704 /* 12-泛型 */,
				7FBD9FC82416157E0014CCE5 /* 13-高级运算符 */,
				7F4B4CD7241768EE00391F3E /* 14-扩展 */,
				7F4B4CE22417BB1900391F3E /* 15-访问控制 */,
				7F77DE53241B90AE001F76FB /* 16-内存管理 */,
				7FA0206722C616BE007A9BA0 /* Products */,
			);
			sourceTree = "<group>";
		};
		7FA0206722C616BE007A9BA0 /* Products */ = {
			isa = PBXGroup;
			children = (
				7FA0206622C616BE007A9BA0 /* Swift底层探索 */,
				7FEB0AC522C9F5F80075A605 /* 03-闭包 */,
				7F8EEF9522D5B4170049FEA8 /* 04-属性 */,
				8D4E4C9F22DB100A00DC58A3 /* 05-方法 */,
				8D4E4CAA22DB1B5500DC58A3 /* 02-类和结构体 */,
				8D4E4CB522DB1C0000DC58A3 /* 06-下标 */,
				7F1FEC7322DC806600689758 /* 07-继承 */,
				8DBA2586240A54B100E1BBC9 /* 08-初始化 */,
				8DBA2591240B942400E1BBC9 /* 09-可选链 */,
				8D3C423D240BE2EF002949A2 /* 10-协议 */,
				8D3C4248240CE7D8002949A2 /* 11-错误处理 */,
				7FA66C65240CFF31007B6704 /* 12-泛型 */,
				7FBD9FC72416157E0014CCE5 /* 13-高级运算符 */,
				7F4B4CD6241768EE00391F3E /* 14-扩展 */,
				7F4B4CE12417BB1900391F3E /* 15-访问控制 */,
				7F77DE52241B90AE001F76FB /* 16-内存管理 */,
			);
			name = Products;
			sourceTree = "<group>";
		};
		7FA0206822C616BE007A9BA0 /* Swift底层探索 */ = {
			isa = PBXGroup;
			children = (
				7FA0206922C616BE007A9BA0 /* main.swift */,
				7FA0207022C616FA007A9BA0 /* Mems.swift */,
			);
			path = "Swift底层探索";
			sourceTree = "<group>";
		};
		7FA66C66240CFF31007B6704 /* 12-泛型 */ = {
			isa = PBXGroup;
			children = (
				7FA66C67240CFF31007B6704 /* main.swift */,
			);
			path = "12-泛型";
			sourceTree = "<group>";
		};
		7FBD9FC82416157E0014CCE5 /* 13-高级运算符 */ = {
			isa = PBXGroup;
			children = (
				7FBD9FC92416157E0014CCE5 /* main.swift */,
			);
			path = "13-高级运算符";
			sourceTree = "<group>";
		};
		7FEB0AC622C9F5F80075A605 /* 03-闭包 */ = {
			isa = PBXGroup;
			children = (
				7FEB0AC722C9F5F80075A605 /* main.swift */,
			);
			path = "03-闭包";
			sourceTree = "<group>";
		};
		8D3C423E240BE2EF002949A2 /* 10-协议 */ = {
			isa = PBXGroup;
			children = (
				8D3C423F240BE2EF002949A2 /* main.swift */,
			);
			path = "10-协议";
			sourceTree = "<group>";
		};
		8D3C4249240CE7D8002949A2 /* 11-错误处理 */ = {
			isa = PBXGroup;
			children = (
				8D3C424A240CE7D8002949A2 /* main.swift */,
			);
			path = "11-错误处理";
			sourceTree = "<group>";
		};
		8D4E4CA022DB100A00DC58A3 /* 05-方法 */ = {
			isa = PBXGroup;
			children = (
				8D4E4CA122DB100A00DC58A3 /* main.swift */,
			);
			path = "05-方法";
			sourceTree = "<group>";
		};
		8D4E4CAB22DB1B5500DC58A3 /* 02-类和结构体 */ = {
			isa = PBXGroup;
			children = (
				8D4E4CAC22DB1B5500DC58A3 /* main.swift */,
			);
			path = "02-类和结构体";
			sourceTree = "<group>";
		};
		8D4E4CB622DB1C0000DC58A3 /* 06-下标 */ = {
			isa = PBXGroup;
			children = (
				8D4E4CB722DB1C0000DC58A3 /* main.swift */,
			);
			path = "06-下标";
			sourceTree = "<group>";
		};
		8DBA2587240A54B100E1BBC9 /* 08-初始化 */ = {
			isa = PBXGroup;
			children = (
				8DBA2588240A54B100E1BBC9 /* main.swift */,
			);
			path = "08-初始化";
			sourceTree = "<group>";
		};
		8DBA2592240B942400E1BBC9 /* 09-可选链 */ = {
			isa = PBXGroup;
			children = (
				8DBA2593240B942400E1BBC9 /* main.swift */,
			);
			path = "09-可选链";
			sourceTree = "<group>";
		};
/* End PBXGroup section */

/* Begin PBXNativeTarget section */
		7F1FEC7222DC806600689758 /* 07-继承 */ = {
			isa = PBXNativeTarget;
			buildConfigurationList = 7F1FEC7722DC806600689758 /* Build configuration list for PBXNativeTarget "07-继承" */;
			buildPhases = (
				7F1FEC6F22DC806600689758 /* Sources */,
				7F1FEC7022DC806600689758 /* Frameworks */,
				7F1FEC7122DC806600689758 /* CopyFiles */,
			);
			buildRules = (
			);
			dependencies = (
			);
			name = "07-继承";
			productName = "07-继承";
			productReference = 7F1FEC7322DC806600689758 /* 07-继承 */;
			productType = "com.apple.product-type.tool";
		};
		7F4B4CD5241768EE00391F3E /* 14-扩展 */ = {
			isa = PBXNativeTarget;
			buildConfigurationList = 7F4B4CDC241768EE00391F3E /* Build configuration list for PBXNativeTarget "14-扩展" */;
			buildPhases = (
				7F4B4CD2241768EE00391F3E /* Sources */,
				7F4B4CD3241768EE00391F3E /* Frameworks */,
				7F4B4CD4241768EE00391F3E /* CopyFiles */,
			);
			buildRules = (
			);
			dependencies = (
			);
			name = "14-扩展";
			productName = "14-扩展";
			productReference = 7F4B4CD6241768EE00391F3E /* 14-扩展 */;
			productType = "com.apple.product-type.tool";
		};
		7F4B4CE02417BB1900391F3E /* 15-访问控制 */ = {
			isa = PBXNativeTarget;
			buildConfigurationList = 7F4B4CE52417BB1900391F3E /* Build configuration list for PBXNativeTarget "15-访问控制" */;
			buildPhases = (
				7F4B4CDD2417BB1900391F3E /* Sources */,
				7F4B4CDE2417BB1900391F3E /* Frameworks */,
				7F4B4CDF2417BB1900391F3E /* CopyFiles */,
			);
			buildRules = (
			);
			dependencies = (
			);
			name = "15-访问控制";
			productName = "15-访问控制";
			productReference = 7F4B4CE12417BB1900391F3E /* 15-访问控制 */;
			productType = "com.apple.product-type.tool";
		};
		7F77DE51241B90AE001F76FB /* 16-内存管理 */ = {
			isa = PBXNativeTarget;
			buildConfigurationList = 7F77DE58241B90AE001F76FB /* Build configuration list for PBXNativeTarget "16-内存管理" */;
			buildPhases = (
				7F77DE4E241B90AE001F76FB /* Sources */,
				7F77DE4F241B90AE001F76FB /* Frameworks */,
				7F77DE50241B90AE001F76FB /* CopyFiles */,
			);
			buildRules = (
			);
			dependencies = (
			);
			name = "16-内存管理";
			productName = "16-内存管理";
			productReference = 7F77DE52241B90AE001F76FB /* 16-内存管理 */;
			productType = "com.apple.product-type.tool";
		};
		7F8EEF9422D5B4170049FEA8 /* 04-属性 */ = {
			isa = PBXNativeTarget;
			buildConfigurationList = 7F8EEF9B22D5B4170049FEA8 /* Build configuration list for PBXNativeTarget "04-属性" */;
			buildPhases = (
				7F8EEF9122D5B4170049FEA8 /* Sources */,
				7F8EEF9222D5B4170049FEA8 /* Frameworks */,
				7F8EEF9322D5B4170049FEA8 /* CopyFiles */,
			);
			buildRules = (
			);
			dependencies = (
			);
			name = "04-属性";
			productName = "04-属性";
			productReference = 7F8EEF9522D5B4170049FEA8 /* 04-属性 */;
			productType = "com.apple.product-type.tool";
		};
		7FA0206522C616BE007A9BA0 /* Swift底层探索 */ = {
			isa = PBXNativeTarget;
			buildConfigurationList = 7FA0206D22C616BE007A9BA0 /* Build configuration list for PBXNativeTarget "Swift底层探索" */;
			buildPhases = (
				7FA0206222C616BE007A9BA0 /* Sources */,
				7FA0206322C616BE007A9BA0 /* Frameworks */,
				7FA0206422C616BE007A9BA0 /* CopyFiles */,
			);
			buildRules = (
			);
			dependencies = (
			);
			name = "Swift底层探索";
			productName = "Swift底层探索";
			productReference = 7FA0206622C616BE007A9BA0 /* Swift底层探索 */;
			productType = "com.apple.product-type.tool";
		};
		7FA66C64240CFF31007B6704 /* 12-泛型 */ = {
			isa = PBXNativeTarget;
			buildConfigurationList = 7FA66C6B240CFF31007B6704 /* Build configuration list for PBXNativeTarget "12-泛型" */;
			buildPhases = (
				7FA66C61240CFF31007B6704 /* Sources */,
				7FA66C62240CFF31007B6704 /* Frameworks */,
				7FA66C63240CFF31007B6704 /* CopyFiles */,
			);
			buildRules = (
			);
			dependencies = (
			);
			name = "12-泛型";
			productName = "12-泛型";
			productReference = 7FA66C65240CFF31007B6704 /* 12-泛型 */;
			productType = "com.apple.product-type.tool";
		};
		7FBD9FC62416157E0014CCE5 /* 13-高级运算符 */ = {
			isa = PBXNativeTarget;
			buildConfigurationList = 7FBD9FCD2416157E0014CCE5 /* Build configuration list for PBXNativeTarget "13-高级运算符" */;
			buildPhases = (
				7FBD9FC32416157E0014CCE5 /* Sources */,
				7FBD9FC42416157E0014CCE5 /* Frameworks */,
				7FBD9FC52416157E0014CCE5 /* CopyFiles */,
			);
			buildRules = (
			);
			dependencies = (
			);
			name = "13-高级运算符";
			productName = "13-高级运算符";
			productReference = 7FBD9FC72416157E0014CCE5 /* 13-高级运算符 */;
			productType = "com.apple.product-type.tool";
		};
		7FEB0AC422C9F5F80075A605 /* 03-闭包 */ = {
			isa = PBXNativeTarget;
			buildConfigurationList = 7FEB0ACB22C9F5F80075A605 /* Build configuration list for PBXNativeTarget "03-闭包" */;
			buildPhases = (
				7FEB0AC122C9F5F80075A605 /* Sources */,
				7FEB0AC222C9F5F80075A605 /* Frameworks */,
				7FEB0AC322C9F5F80075A605 /* CopyFiles */,
			);
			buildRules = (
			);
			dependencies = (
			);
			name = "03-闭包";
			productName = "03-闭包";
			productReference = 7FEB0AC522C9F5F80075A605 /* 03-闭包 */;
			productType = "com.apple.product-type.tool";
		};
		8D3C423C240BE2EF002949A2 /* 10-协议 */ = {
			isa = PBXNativeTarget;
			buildConfigurationList = 8D3C4243240BE2EF002949A2 /* Build configuration list for PBXNativeTarget "10-协议" */;
			buildPhases = (
				8D3C4239240BE2EF002949A2 /* Sources */,
				8D3C423A240BE2EF002949A2 /* Frameworks */,
				8D3C423B240BE2EF002949A2 /* CopyFiles */,
			);
			buildRules = (
			);
			dependencies = (
			);
			name = "10-协议";
			productName = "10-协议";
			productReference = 8D3C423D240BE2EF002949A2 /* 10-协议 */;
			productType = "com.apple.product-type.tool";
		};
		8D3C4247240CE7D8002949A2 /* 11-错误处理 */ = {
			isa = PBXNativeTarget;
			buildConfigurationList = 8D3C424C240CE7D8002949A2 /* Build configuration list for PBXNativeTarget "11-错误处理" */;
			buildPhases = (
				8D3C4244240CE7D8002949A2 /* Sources */,
				8D3C4245240CE7D8002949A2 /* Frameworks */,
				8D3C4246240CE7D8002949A2 /* CopyFiles */,
			);
			buildRules = (
			);
			dependencies = (
			);
			name = "11-错误处理";
			productName = "11-错误处理";
			productReference = 8D3C4248240CE7D8002949A2 /* 11-错误处理 */;
			productType = "com.apple.product-type.tool";
		};
		8D4E4C9E22DB100A00DC58A3 /* 05-方法 */ = {
			isa = PBXNativeTarget;
			buildConfigurationList = 8D4E4CA522DB100A00DC58A3 /* Build configuration list for PBXNativeTarget "05-方法" */;
			buildPhases = (
				8D4E4C9B22DB100A00DC58A3 /* Sources */,
				8D4E4C9C22DB100A00DC58A3 /* Frameworks */,
				8D4E4C9D22DB100A00DC58A3 /* CopyFiles */,
			);
			buildRules = (
			);
			dependencies = (
			);
			name = "05-方法";
			productName = "05-方法";
			productReference = 8D4E4C9F22DB100A00DC58A3 /* 05-方法 */;
			productType = "com.apple.product-type.tool";
		};
		8D4E4CA922DB1B5500DC58A3 /* 02-类和结构体 */ = {
			isa = PBXNativeTarget;
			buildConfigurationList = 8D4E4CAE22DB1B5500DC58A3 /* Build configuration list for PBXNativeTarget "02-类和结构体" */;
			buildPhases = (
				8D4E4CA622DB1B5500DC58A3 /* Sources */,
				8D4E4CA722DB1B5500DC58A3 /* Frameworks */,
				8D4E4CA822DB1B5500DC58A3 /* CopyFiles */,
			);
			buildRules = (
			);
			dependencies = (
			);
			name = "02-类和结构体";
			productName = "02-类和结构体";
			productReference = 8D4E4CAA22DB1B5500DC58A3 /* 02-类和结构体 */;
			productType = "com.apple.product-type.tool";
		};
		8D4E4CB422DB1C0000DC58A3 /* 06-下标 */ = {
			isa = PBXNativeTarget;
			buildConfigurationList = 8D4E4CB922DB1C0000DC58A3 /* Build configuration list for PBXNativeTarget "06-下标" */;
			buildPhases = (
				8D4E4CB122DB1C0000DC58A3 /* Sources */,
				8D4E4CB222DB1C0000DC58A3 /* Frameworks */,
				8D4E4CB322DB1C0000DC58A3 /* CopyFiles */,
			);
			buildRules = (
			);
			dependencies = (
			);
			name = "06-下标";
			productName = "06-下标";
			productReference = 8D4E4CB522DB1C0000DC58A3 /* 06-下标 */;
			productType = "com.apple.product-type.tool";
		};
		8DBA2585240A54B100E1BBC9 /* 08-初始化 */ = {
			isa = PBXNativeTarget;
			buildConfigurationList = 8DBA258A240A54B100E1BBC9 /* Build configuration list for PBXNativeTarget "08-初始化" */;
			buildPhases = (
				8DBA2582240A54B100E1BBC9 /* Sources */,
				8DBA2583240A54B100E1BBC9 /* Frameworks */,
				8DBA2584240A54B100E1BBC9 /* CopyFiles */,
			);
			buildRules = (
			);
			dependencies = (
			);
			name = "08-初始化";
			productName = "08-初始化";
			productReference = 8DBA2586240A54B100E1BBC9 /* 08-初始化 */;
			productType = "com.apple.product-type.tool";
		};
		8DBA2590240B942400E1BBC9 /* 09-可选链 */ = {
			isa = PBXNativeTarget;
			buildConfigurationList = 8DBA2595240B942400E1BBC9 /* Build configuration list for PBXNativeTarget "09-可选链" */;
			buildPhases = (
				8DBA258D240B942400E1BBC9 /* Sources */,
				8DBA258E240B942400E1BBC9 /* Frameworks */,
				8DBA258F240B942400E1BBC9 /* CopyFiles */,
			);
			buildRules = (
			);
			dependencies = (
			);
			name = "09-可选链";
			productName = "09-可选链";
			productReference = 8DBA2591240B942400E1BBC9 /* 09-可选链 */;
			productType = "com.apple.product-type.tool";
		};
/* End PBXNativeTarget section */

/* Begin PBXProject section */
		7FA0205E22C616BE007A9BA0 /* Project object */ = {
			isa = PBXProject;
			attributes = {
				LastSwiftUpdateCheck = 1130;
				LastUpgradeCheck = 1020;
				ORGANIZATIONNAME = "wa\b\bngfh";
				TargetAttributes = {
					7F1FEC7222DC806600689758 = {
						CreatedOnToolsVersion = 10.2.1;
					};
					7F4B4CD5241768EE00391F3E = {
						CreatedOnToolsVersion = 11.3.1;
					};
					7F4B4CE02417BB1900391F3E = {
						CreatedOnToolsVersion = 11.3.1;
					};
					7F77DE51241B90AE001F76FB = {
						CreatedOnToolsVersion = 11.3.1;
					};
					7F8EEF9422D5B4170049FEA8 = {
						CreatedOnToolsVersion = 10.2.1;
					};
					7FA0206522C616BE007A9BA0 = {
						CreatedOnToolsVersion = 10.2.1;
					};
					7FA66C64240CFF31007B6704 = {
						CreatedOnToolsVersion = 11.3.1;
					};
					7FBD9FC62416157E0014CCE5 = {
						CreatedOnToolsVersion = 11.3.1;
					};
					7FEB0AC422C9F5F80075A605 = {
						CreatedOnToolsVersion = 10.2.1;
					};
					8D3C423C240BE2EF002949A2 = {
						CreatedOnToolsVersion = 11.3.1;
					};
					8D3C4247240CE7D8002949A2 = {
						CreatedOnToolsVersion = 11.3.1;
					};
					8D4E4C9E22DB100A00DC58A3 = {
						CreatedOnToolsVersion = 10.2.1;
					};
					8D4E4CA922DB1B5500DC58A3 = {
						CreatedOnToolsVersion = 10.2.1;
					};
					8D4E4CB422DB1C0000DC58A3 = {
						CreatedOnToolsVersion = 10.2.1;
					};
					8DBA2585240A54B100E1BBC9 = {
						CreatedOnToolsVersion = 11.3.1;
					};
					8DBA2590240B942400E1BBC9 = {
						CreatedOnToolsVersion = 11.3.1;
					};
				};
			};
			buildConfigurationList = 7FA0206122C616BE007A9BA0 /* Build configuration list for PBXProject "Swift底层探索" */;
			compatibilityVersion = "Xcode 9.3";
			developmentRegion = en;
			hasScannedForEncodings = 0;
			knownRegions = (
				en,
			);
			mainGroup = 7FA0205D22C616BE007A9BA0;
			productRefGroup = 7FA0206722C616BE007A9BA0 /* Products */;
			projectDirPath = "";
			projectRoot = "";
			targets = (
				7FA0206522C616BE007A9BA0 /* Swift底层探索 */,
				8D4E4CA922DB1B5500DC58A3 /* 02-类和结构体 */,
				7FEB0AC422C9F5F80075A605 /* 03-闭包 */,
				7F8EEF9422D5B4170049FEA8 /* 04-属性 */,
				8D4E4C9E22DB100A00DC58A3 /* 05-方法 */,
				8D4E4CB422DB1C0000DC58A3 /* 06-下标 */,
				7F1FEC7222DC806600689758 /* 07-继承 */,
				8DBA2585240A54B100E1BBC9 /* 08-初始化 */,
				8DBA2590240B942400E1BBC9 /* 09-可选链 */,
				8D3C423C240BE2EF002949A2 /* 10-协议 */,
				8D3C4247240CE7D8002949A2 /* 11-错误处理 */,
				7FA66C64240CFF31007B6704 /* 12-泛型 */,
				7FBD9FC62416157E0014CCE5 /* 13-高级运算符 */,
				7F4B4CD5241768EE00391F3E /* 14-扩展 */,
				7F4B4CE02417BB1900391F3E /* 15-访问控制 */,
				7F77DE51241B90AE001F76FB /* 16-内存管理 */,
			);
		};
/* End PBXProject section */

/* Begin PBXSourcesBuildPhase section */
		7F1FEC6F22DC806600689758 /* Sources */ = {
			isa = PBXSourcesBuildPhase;
			buildActionMask = 2147483647;
			files = (
				7F1FEC7F22DC808D00689758 /* main.swift in Sources */,
				7F1FEC8122DC822700689758 /* Mems.swift in Sources */,
			);
			runOnlyForDeploymentPostprocessing = 0;
		};
		7F4B4CD2241768EE00391F3E /* Sources */ = {
			isa = PBXSourcesBuildPhase;
			buildActionMask = 2147483647;
			files = (
				7F4B4CD9241768EE00391F3E /* main.swift in Sources */,
			);
			runOnlyForDeploymentPostprocessing = 0;
		};
		7F4B4CDD2417BB1900391F3E /* Sources */ = {
			isa = PBXSourcesBuildPhase;
			buildActionMask = 2147483647;
			files = (
				7F4B4CE42417BB1900391F3E /* main.swift in Sources */,
			);
			runOnlyForDeploymentPostprocessing = 0;
		};
		7F77DE4E241B90AE001F76FB /* Sources */ = {
			isa = PBXSourcesBuildPhase;
			buildActionMask = 2147483647;
			files = (
				7F77DE55241B90AE001F76FB /* main.swift in Sources */,
			);
			runOnlyForDeploymentPostprocessing = 0;
		};
		7F8EEF9122D5B4170049FEA8 /* Sources */ = {
			isa = PBXSourcesBuildPhase;
			buildActionMask = 2147483647;
			files = (
				7F8EEF9822D5B4170049FEA8 /* main.swift in Sources */,
			);
			runOnlyForDeploymentPostprocessing = 0;
		};
		7FA0206222C616BE007A9BA0 /* Sources */ = {
			isa = PBXSourcesBuildPhase;
			buildActionMask = 2147483647;
			files = (
				7FA0206A22C616BE007A9BA0 /* main.swift in Sources */,
				7FA0207122C616FA007A9BA0 /* Mems.swift in Sources */,
			);
			runOnlyForDeploymentPostprocessing = 0;
		};
		7FA66C61240CFF31007B6704 /* Sources */ = {
			isa = PBXSourcesBuildPhase;
			buildActionMask = 2147483647;
			files = (
				7FA66C68240CFF31007B6704 /* main.swift in Sources */,
			);
			runOnlyForDeploymentPostprocessing = 0;
		};
		7FBD9FC32416157E0014CCE5 /* Sources */ = {
			isa = PBXSourcesBuildPhase;
			buildActionMask = 2147483647;
			files = (
				7FBD9FCA2416157E0014CCE5 /* main.swift in Sources */,
			);
			runOnlyForDeploymentPostprocessing = 0;
		};
		7FEB0AC122C9F5F80075A605 /* Sources */ = {
			isa = PBXSourcesBuildPhase;
			buildActionMask = 2147483647;
			files = (
				7FEB0AC822C9F5F80075A605 /* main.swift in Sources */,
			);
			runOnlyForDeploymentPostprocessing = 0;
		};
		8D3C4239240BE2EF002949A2 /* Sources */ = {
			isa = PBXSourcesBuildPhase;
			buildActionMask = 2147483647;
			files = (
				8D3C4240240BE2EF002949A2 /* main.swift in Sources */,
			);
			runOnlyForDeploymentPostprocessing = 0;
		};
		8D3C4244240CE7D8002949A2 /* Sources */ = {
			isa = PBXSourcesBuildPhase;
			buildActionMask = 2147483647;
			files = (
				8D3C424B240CE7D8002949A2 /* main.swift in Sources */,
			);
			runOnlyForDeploymentPostprocessing = 0;
		};
		8D4E4C9B22DB100A00DC58A3 /* Sources */ = {
			isa = PBXSourcesBuildPhase;
			buildActionMask = 2147483647;
			files = (
				8D4E4CA222DB100A00DC58A3 /* main.swift in Sources */,
			);
			runOnlyForDeploymentPostprocessing = 0;
		};
		8D4E4CA622DB1B5500DC58A3 /* Sources */ = {
			isa = PBXSourcesBuildPhase;
			buildActionMask = 2147483647;
			files = (
				8D4E4CAD22DB1B5500DC58A3 /* main.swift in Sources */,
			);
			runOnlyForDeploymentPostprocessing = 0;
		};
		8D4E4CB122DB1C0000DC58A3 /* Sources */ = {
			isa = PBXSourcesBuildPhase;
			buildActionMask = 2147483647;
			files = (
				8D4E4CB822DB1C0000DC58A3 /* main.swift in Sources */,
			);
			runOnlyForDeploymentPostprocessing = 0;
		};
		8DBA2582240A54B100E1BBC9 /* Sources */ = {
			isa = PBXSourcesBuildPhase;
			buildActionMask = 2147483647;
			files = (
				8DBA2589240A54B100E1BBC9 /* main.swift in Sources */,
			);
			runOnlyForDeploymentPostprocessing = 0;
		};
		8DBA258D240B942400E1BBC9 /* Sources */ = {
			isa = PBXSourcesBuildPhase;
			buildActionMask = 2147483647;
			files = (
				8DBA2594240B942400E1BBC9 /* main.swift in Sources */,
			);
			runOnlyForDeploymentPostprocessing = 0;
		};
/* End PBXSourcesBuildPhase section */

/* Begin XCBuildConfiguration section */
		7F1FEC7822DC806600689758 /* Debug */ = {
			isa = XCBuildConfiguration;
			buildSettings = {
				CODE_SIGN_STYLE = Automatic;
				PRODUCT_NAME = "$(TARGET_NAME)";
				SWIFT_VERSION = 5.0;
			};
			name = Debug;
		};
		7F1FEC7922DC806600689758 /* Release */ = {
			isa = XCBuildConfiguration;
			buildSettings = {
				CODE_SIGN_STYLE = Automatic;
				PRODUCT_NAME = "$(TARGET_NAME)";
				SWIFT_VERSION = 5.0;
			};
			name = Release;
		};
		7F4B4CDA241768EE00391F3E /* Debug */ = {
			isa = XCBuildConfiguration;
			buildSettings = {
				CODE_SIGN_STYLE = Automatic;
				MACOSX_DEPLOYMENT_TARGET = 10.15;
				PRODUCT_NAME = "$(TARGET_NAME)";
				SWIFT_VERSION = 5.0;
			};
			name = Debug;
		};
		7F4B4CDB241768EE00391F3E /* Release */ = {
			isa = XCBuildConfiguration;
			buildSettings = {
				CODE_SIGN_STYLE = Automatic;
				MACOSX_DEPLOYMENT_TARGET = 10.15;
				PRODUCT_NAME = "$(TARGET_NAME)";
				SWIFT_VERSION = 5.0;
			};
			name = Release;
		};
		7F4B4CE62417BB1900391F3E /* Debug */ = {
			isa = XCBuildConfiguration;
			buildSettings = {
				CODE_SIGN_STYLE = Automatic;
				MACOSX_DEPLOYMENT_TARGET = 10.15;
				PRODUCT_NAME = "$(TARGET_NAME)";
				SWIFT_VERSION = 5.0;
			};
			name = Debug;
		};
		7F4B4CE72417BB1900391F3E /* Release */ = {
			isa = XCBuildConfiguration;
			buildSettings = {
				CODE_SIGN_STYLE = Automatic;
				MACOSX_DEPLOYMENT_TARGET = 10.15;
				PRODUCT_NAME = "$(TARGET_NAME)";
				SWIFT_VERSION = 5.0;
			};
			name = Release;
		};
		7F77DE56241B90AE001F76FB /* Debug */ = {
			isa = XCBuildConfiguration;
			buildSettings = {
				CODE_SIGN_STYLE = Automatic;
				MACOSX_DEPLOYMENT_TARGET = 10.15;
				PRODUCT_NAME = "$(TARGET_NAME)";
				SWIFT_VERSION = 5.0;
			};
			name = Debug;
		};
		7F77DE57241B90AE001F76FB /* Release */ = {
			isa = XCBuildConfiguration;
			buildSettings = {
				CODE_SIGN_STYLE = Automatic;
				MACOSX_DEPLOYMENT_TARGET = 10.15;
				PRODUCT_NAME = "$(TARGET_NAME)";
				SWIFT_VERSION = 5.0;
			};
			name = Release;
		};
		7F8EEF9922D5B4170049FEA8 /* Debug */ = {
			isa = XCBuildConfiguration;
			buildSettings = {
				CODE_SIGN_STYLE = Automatic;
				PRODUCT_NAME = "$(TARGET_NAME)";
				SWIFT_VERSION = 5.0;
			};
			name = Debug;
		};
		7F8EEF9A22D5B4170049FEA8 /* Release */ = {
			isa = XCBuildConfiguration;
			buildSettings = {
				CODE_SIGN_STYLE = Automatic;
				PRODUCT_NAME = "$(TARGET_NAME)";
				SWIFT_VERSION = 5.0;
			};
			name = Release;
		};
		7FA0206B22C616BE007A9BA0 /* Debug */ = {
			isa = XCBuildConfiguration;
			buildSettings = {
				ALWAYS_SEARCH_USER_PATHS = NO;
				CLANG_ANALYZER_NONNULL = YES;
				CLANG_ANALYZER_NUMBER_OBJECT_CONVERSION = YES_AGGRESSIVE;
				CLANG_CXX_LANGUAGE_STANDARD = "gnu++14";
				CLANG_CXX_LIBRARY = "libc++";
				CLANG_ENABLE_MODULES = YES;
				CLANG_ENABLE_OBJC_ARC = YES;
				CLANG_ENABLE_OBJC_WEAK = YES;
				CLANG_WARN_BLOCK_CAPTURE_AUTORELEASING = YES;
				CLANG_WARN_BOOL_CONVERSION = YES;
				CLANG_WARN_COMMA = YES;
				CLANG_WARN_CONSTANT_CONVERSION = YES;
				CLANG_WARN_DEPRECATED_OBJC_IMPLEMENTATIONS = YES;
				CLANG_WARN_DIRECT_OBJC_ISA_USAGE = YES_ERROR;
				CLANG_WARN_DOCUMENTATION_COMMENTS = YES;
				CLANG_WARN_EMPTY_BODY = YES;
				CLANG_WARN_ENUM_CONVERSION = YES;
				CLANG_WARN_INFINITE_RECURSION = YES;
				CLANG_WARN_INT_CONVERSION = YES;
				CLANG_WARN_NON_LITERAL_NULL_CONVERSION = YES;
				CLANG_WARN_OBJC_IMPLICIT_RETAIN_SELF = YES;
				CLANG_WARN_OBJC_LITERAL_CONVERSION = YES;
				CLANG_WARN_OBJC_ROOT_CLASS = YES_ERROR;
				CLANG_WARN_RANGE_LOOP_ANALYSIS = YES;
				CLANG_WARN_STRICT_PROTOTYPES = YES;
				CLANG_WARN_SUSPICIOUS_MOVE = YES;
				CLANG_WARN_UNGUARDED_AVAILABILITY = YES_AGGRESSIVE;
				CLANG_WARN_UNREACHABLE_CODE = YES;
				CLANG_WARN__DUPLICATE_METHOD_MATCH = YES;
				CODE_SIGN_IDENTITY = "-";
				COPY_PHASE_STRIP = NO;
				DEBUG_INFORMATION_FORMAT = dwarf;
				ENABLE_STRICT_OBJC_MSGSEND = YES;
				ENABLE_TESTABILITY = YES;
				GCC_C_LANGUAGE_STANDARD = gnu11;
				GCC_DYNAMIC_NO_PIC = NO;
				GCC_NO_COMMON_BLOCKS = YES;
				GCC_OPTIMIZATION_LEVEL = 0;
				GCC_PREPROCESSOR_DEFINITIONS = (
					"DEBUG=1",
					"$(inherited)",
				);
				GCC_WARN_64_TO_32_BIT_CONVERSION = YES;
				GCC_WARN_ABOUT_RETURN_TYPE = YES_ERROR;
				GCC_WARN_UNDECLARED_SELECTOR = YES;
				GCC_WARN_UNINITIALIZED_AUTOS = YES_AGGRESSIVE;
				GCC_WARN_UNUSED_FUNCTION = YES;
				GCC_WARN_UNUSED_VARIABLE = YES;
				MACOSX_DEPLOYMENT_TARGET = 10.14;
				MTL_ENABLE_DEBUG_INFO = INCLUDE_SOURCE;
				MTL_FAST_MATH = YES;
				ONLY_ACTIVE_ARCH = YES;
				SDKROOT = macosx;
				SWIFT_ACTIVE_COMPILATION_CONDITIONS = DEBUG;
				SWIFT_OPTIMIZATION_LEVEL = "-Onone";
			};
			name = Debug;
		};
		7FA0206C22C616BE007A9BA0 /* Release */ = {
			isa = XCBuildConfiguration;
			buildSettings = {
				ALWAYS_SEARCH_USER_PATHS = NO;
				CLANG_ANALYZER_NONNULL = YES;
				CLANG_ANALYZER_NUMBER_OBJECT_CONVERSION = YES_AGGRESSIVE;
				CLANG_CXX_LANGUAGE_STANDARD = "gnu++14";
				CLANG_CXX_LIBRARY = "libc++";
				CLANG_ENABLE_MODULES = YES;
				CLANG_ENABLE_OBJC_ARC = YES;
				CLANG_ENABLE_OBJC_WEAK = YES;
				CLANG_WARN_BLOCK_CAPTURE_AUTORELEASING = YES;
				CLANG_WARN_BOOL_CONVERSION = YES;
				CLANG_WARN_COMMA = YES;
				CLANG_WARN_CONSTANT_CONVERSION = YES;
				CLANG_WARN_DEPRECATED_OBJC_IMPLEMENTATIONS = YES;
				CLANG_WARN_DIRECT_OBJC_ISA_USAGE = YES_ERROR;
				CLANG_WARN_DOCUMENTATION_COMMENTS = YES;
				CLANG_WARN_EMPTY_BODY = YES;
				CLANG_WARN_ENUM_CONVERSION = YES;
				CLANG_WARN_INFINITE_RECURSION = YES;
				CLANG_WARN_INT_CONVERSION = YES;
				CLANG_WARN_NON_LITERAL_NULL_CONVERSION = YES;
				CLANG_WARN_OBJC_IMPLICIT_RETAIN_SELF = YES;
				CLANG_WARN_OBJC_LITERAL_CONVERSION = YES;
				CLANG_WARN_OBJC_ROOT_CLASS = YES_ERROR;
				CLANG_WARN_RANGE_LOOP_ANALYSIS = YES;
				CLANG_WARN_STRICT_PROTOTYPES = YES;
				CLANG_WARN_SUSPICIOUS_MOVE = YES;
				CLANG_WARN_UNGUARDED_AVAILABILITY = YES_AGGRESSIVE;
				CLANG_WARN_UNREACHABLE_CODE = YES;
				CLANG_WARN__DUPLICATE_METHOD_MATCH = YES;
				CODE_SIGN_IDENTITY = "-";
				COPY_PHASE_STRIP = NO;
				DEBUG_INFORMATION_FORMAT = "dwarf-with-dsym";
				ENABLE_NS_ASSERTIONS = NO;
				ENABLE_STRICT_OBJC_MSGSEND = YES;
				GCC_C_LANGUAGE_STANDARD = gnu11;
				GCC_NO_COMMON_BLOCKS = YES;
				GCC_WARN_64_TO_32_BIT_CONVERSION = YES;
				GCC_WARN_ABOUT_RETURN_TYPE = YES_ERROR;
				GCC_WARN_UNDECLARED_SELECTOR = YES;
				GCC_WARN_UNINITIALIZED_AUTOS = YES_AGGRESSIVE;
				GCC_WARN_UNUSED_FUNCTION = YES;
				GCC_WARN_UNUSED_VARIABLE = YES;
				MACOSX_DEPLOYMENT_TARGET = 10.14;
				MTL_ENABLE_DEBUG_INFO = NO;
				MTL_FAST_MATH = YES;
				SDKROOT = macosx;
				SWIFT_COMPILATION_MODE = wholemodule;
				SWIFT_OPTIMIZATION_LEVEL = "-O";
			};
			name = Release;
		};
		7FA0206E22C616BE007A9BA0 /* Debug */ = {
			isa = XCBuildConfiguration;
			buildSettings = {
				CODE_SIGN_STYLE = Automatic;
				PRODUCT_NAME = "$(TARGET_NAME)";
				SWIFT_VERSION = 5.0;
			};
			name = Debug;
		};
		7FA0206F22C616BE007A9BA0 /* Release */ = {
			isa = XCBuildConfiguration;
			buildSettings = {
				CODE_SIGN_STYLE = Automatic;
				PRODUCT_NAME = "$(TARGET_NAME)";
				SWIFT_VERSION = 5.0;
			};
			name = Release;
		};
		7FA66C69240CFF31007B6704 /* Debug */ = {
			isa = XCBuildConfiguration;
			buildSettings = {
				CODE_SIGN_STYLE = Automatic;
				MACOSX_DEPLOYMENT_TARGET = 10.15;
				PRODUCT_NAME = "$(TARGET_NAME)";
				SWIFT_VERSION = 5.0;
			};
			name = Debug;
		};
		7FA66C6A240CFF31007B6704 /* Release */ = {
			isa = XCBuildConfiguration;
			buildSettings = {
				CODE_SIGN_STYLE = Automatic;
				MACOSX_DEPLOYMENT_TARGET = 10.15;
				PRODUCT_NAME = "$(TARGET_NAME)";
				SWIFT_VERSION = 5.0;
			};
			name = Release;
		};
		7FBD9FCB2416157E0014CCE5 /* Debug */ = {
			isa = XCBuildConfiguration;
			buildSettings = {
				CODE_SIGN_STYLE = Automatic;
				MACOSX_DEPLOYMENT_TARGET = 10.15;
				PRODUCT_NAME = "$(TARGET_NAME)";
				SWIFT_VERSION = 5.0;
			};
			name = Debug;
		};
		7FBD9FCC2416157E0014CCE5 /* Release */ = {
			isa = XCBuildConfiguration;
			buildSettings = {
				CODE_SIGN_STYLE = Automatic;
				MACOSX_DEPLOYMENT_TARGET = 10.15;
				PRODUCT_NAME = "$(TARGET_NAME)";
				SWIFT_VERSION = 5.0;
			};
			name = Release;
		};
		7FEB0AC922C9F5F80075A605 /* Debug */ = {
			isa = XCBuildConfiguration;
			buildSettings = {
				CODE_SIGN_STYLE = Automatic;
				PRODUCT_NAME = "$(TARGET_NAME)";
				SWIFT_VERSION = 5.0;
			};
			name = Debug;
		};
		7FEB0ACA22C9F5F80075A605 /* Release */ = {
			isa = XCBuildConfiguration;
			buildSettings = {
				CODE_SIGN_STYLE = Automatic;
				PRODUCT_NAME = "$(TARGET_NAME)";
				SWIFT_VERSION = 5.0;
			};
			name = Release;
		};
		8D3C4241240BE2EF002949A2 /* Debug */ = {
			isa = XCBuildConfiguration;
			buildSettings = {
				CODE_SIGN_STYLE = Automatic;
				MACOSX_DEPLOYMENT_TARGET = 10.15;
				PRODUCT_NAME = "$(TARGET_NAME)";
				SWIFT_VERSION = 5.0;
			};
			name = Debug;
		};
		8D3C4242240BE2EF002949A2 /* Release */ = {
			isa = XCBuildConfiguration;
			buildSettings = {
				CODE_SIGN_STYLE = Automatic;
				MACOSX_DEPLOYMENT_TARGET = 10.15;
				PRODUCT_NAME = "$(TARGET_NAME)";
				SWIFT_VERSION = 5.0;
			};
			name = Release;
		};
		8D3C424D240CE7D8002949A2 /* Debug */ = {
			isa = XCBuildConfiguration;
			buildSettings = {
				CODE_SIGN_STYLE = Automatic;
				MACOSX_DEPLOYMENT_TARGET = 10.15;
				PRODUCT_NAME = "$(TARGET_NAME)";
				SWIFT_VERSION = 5.0;
			};
			name = Debug;
		};
		8D3C424E240CE7D8002949A2 /* Release */ = {
			isa = XCBuildConfiguration;
			buildSettings = {
				CODE_SIGN_STYLE = Automatic;
				MACOSX_DEPLOYMENT_TARGET = 10.15;
				PRODUCT_NAME = "$(TARGET_NAME)";
				SWIFT_VERSION = 5.0;
			};
			name = Release;
		};
		8D4E4CA322DB100A00DC58A3 /* Debug */ = {
			isa = XCBuildConfiguration;
			buildSettings = {
				CODE_SIGN_STYLE = Automatic;
				PRODUCT_NAME = "$(TARGET_NAME)";
				SWIFT_VERSION = 5.0;
			};
			name = Debug;
		};
		8D4E4CA422DB100A00DC58A3 /* Release */ = {
			isa = XCBuildConfiguration;
			buildSettings = {
				CODE_SIGN_STYLE = Automatic;
				PRODUCT_NAME = "$(TARGET_NAME)";
				SWIFT_VERSION = 5.0;
			};
			name = Release;
		};
		8D4E4CAF22DB1B5500DC58A3 /* Debug */ = {
			isa = XCBuildConfiguration;
			buildSettings = {
				CODE_SIGN_STYLE = Automatic;
				PRODUCT_NAME = "$(TARGET_NAME)";
				SWIFT_VERSION = 5.0;
			};
			name = Debug;
		};
		8D4E4CB022DB1B5500DC58A3 /* Release */ = {
			isa = XCBuildConfiguration;
			buildSettings = {
				CODE_SIGN_STYLE = Automatic;
				PRODUCT_NAME = "$(TARGET_NAME)";
				SWIFT_VERSION = 5.0;
			};
			name = Release;
		};
		8D4E4CBA22DB1C0000DC58A3 /* Debug */ = {
			isa = XCBuildConfiguration;
			buildSettings = {
				CODE_SIGN_STYLE = Automatic;
				PRODUCT_NAME = "$(TARGET_NAME)";
				SWIFT_VERSION = 5.0;
			};
			name = Debug;
		};
		8D4E4CBB22DB1C0000DC58A3 /* Release */ = {
			isa = XCBuildConfiguration;
			buildSettings = {
				CODE_SIGN_STYLE = Automatic;
				PRODUCT_NAME = "$(TARGET_NAME)";
				SWIFT_VERSION = 5.0;
			};
			name = Release;
		};
		8DBA258B240A54B100E1BBC9 /* Debug */ = {
			isa = XCBuildConfiguration;
			buildSettings = {
				CODE_SIGN_STYLE = Automatic;
				MACOSX_DEPLOYMENT_TARGET = 10.15;
				PRODUCT_NAME = "$(TARGET_NAME)";
				SWIFT_VERSION = 5.0;
			};
			name = Debug;
		};
		8DBA258C240A54B100E1BBC9 /* Release */ = {
			isa = XCBuildConfiguration;
			buildSettings = {
				CODE_SIGN_STYLE = Automatic;
				MACOSX_DEPLOYMENT_TARGET = 10.15;
				PRODUCT_NAME = "$(TARGET_NAME)";
				SWIFT_VERSION = 5.0;
			};
			name = Release;
		};
		8DBA2596240B942400E1BBC9 /* Debug */ = {
			isa = XCBuildConfiguration;
			buildSettings = {
				CODE_SIGN_STYLE = Automatic;
				MACOSX_DEPLOYMENT_TARGET = 10.15;
				PRODUCT_NAME = "$(TARGET_NAME)";
				SWIFT_VERSION = 5.0;
			};
			name = Debug;
		};
		8DBA2597240B942400E1BBC9 /* Release */ = {
			isa = XCBuildConfiguration;
			buildSettings = {
				CODE_SIGN_STYLE = Automatic;
				MACOSX_DEPLOYMENT_TARGET = 10.15;
				PRODUCT_NAME = "$(TARGET_NAME)";
				SWIFT_VERSION = 5.0;
			};
			name = Release;
		};
/* End XCBuildConfiguration section */

/* Begin XCConfigurationList section */
		7F1FEC7722DC806600689758 /* Build configuration list for PBXNativeTarget "07-继承" */ = {
			isa = XCConfigurationList;
			buildConfigurations = (
				7F1FEC7822DC806600689758 /* Debug */,
				7F1FEC7922DC806600689758 /* Release */,
			);
			defaultConfigurationIsVisible = 0;
			defaultConfigurationName = Release;
		};
		7F4B4CDC241768EE00391F3E /* Build configuration list for PBXNativeTarget "14-扩展" */ = {
			isa = XCConfigurationList;
			buildConfigurations = (
				7F4B4CDA241768EE00391F3E /* Debug */,
				7F4B4CDB241768EE00391F3E /* Release */,
			);
			defaultConfigurationIsVisible = 0;
			defaultConfigurationName = Release;
		};
		7F4B4CE52417BB1900391F3E /* Build configuration list for PBXNativeTarget "15-访问控制" */ = {
			isa = XCConfigurationList;
			buildConfigurations = (
				7F4B4CE62417BB1900391F3E /* Debug */,
				7F4B4CE72417BB1900391F3E /* Release */,
			);
			defaultConfigurationIsVisible = 0;
			defaultConfigurationName = Release;
		};
		7F77DE58241B90AE001F76FB /* Build configuration list for PBXNativeTarget "16-内存管理" */ = {
			isa = XCConfigurationList;
			buildConfigurations = (
				7F77DE56241B90AE001F76FB /* Debug */,
				7F77DE57241B90AE001F76FB /* Release */,
			);
			defaultConfigurationIsVisible = 0;
			defaultConfigurationName = Release;
		};
		7F8EEF9B22D5B4170049FEA8 /* Build configuration list for PBXNativeTarget "04-属性" */ = {
			isa = XCConfigurationList;
			buildConfigurations = (
				7F8EEF9922D5B4170049FEA8 /* Debug */,
				7F8EEF9A22D5B4170049FEA8 /* Release */,
			);
			defaultConfigurationIsVisible = 0;
			defaultConfigurationName = Release;
		};
		7FA0206122C616BE007A9BA0 /* Build configuration list for PBXProject "Swift底层探索" */ = {
			isa = XCConfigurationList;
			buildConfigurations = (
				7FA0206B22C616BE007A9BA0 /* Debug */,
				7FA0206C22C616BE007A9BA0 /* Release */,
			);
			defaultConfigurationIsVisible = 0;
			defaultConfigurationName = Release;
		};
		7FA0206D22C616BE007A9BA0 /* Build configuration list for PBXNativeTarget "Swift底层探索" */ = {
			isa = XCConfigurationList;
			buildConfigurations = (
				7FA0206E22C616BE007A9BA0 /* Debug */,
				7FA0206F22C616BE007A9BA0 /* Release */,
			);
			defaultConfigurationIsVisible = 0;
			defaultConfigurationName = Release;
		};
		7FA66C6B240CFF31007B6704 /* Build configuration list for PBXNativeTarget "12-泛型" */ = {
			isa = XCConfigurationList;
			buildConfigurations = (
				7FA66C69240CFF31007B6704 /* Debug */,
				7FA66C6A240CFF31007B6704 /* Release */,
			);
			defaultConfigurationIsVisible = 0;
			defaultConfigurationName = Release;
		};
		7FBD9FCD2416157E0014CCE5 /* Build configuration list for PBXNativeTarget "13-高级运算符" */ = {
			isa = XCConfigurationList;
			buildConfigurations = (
				7FBD9FCB2416157E0014CCE5 /* Debug */,
				7FBD9FCC2416157E0014CCE5 /* Release */,
			);
			defaultConfigurationIsVisible = 0;
			defaultConfigurationName = Release;
		};
		7FEB0ACB22C9F5F80075A605 /* Build configuration list for PBXNativeTarget "03-闭包" */ = {
			isa = XCConfigurationList;
			buildConfigurations = (
				7FEB0AC922C9F5F80075A605 /* Debug */,
				7FEB0ACA22C9F5F80075A605 /* Release */,
			);
			defaultConfigurationIsVisible = 0;
			defaultConfigurationName = Release;
		};
		8D3C4243240BE2EF002949A2 /* Build configuration list for PBXNativeTarget "10-协议" */ = {
			isa = XCConfigurationList;
			buildConfigurations = (
				8D3C4241240BE2EF002949A2 /* Debug */,
				8D3C4242240BE2EF002949A2 /* Release */,
			);
			defaultConfigurationIsVisible = 0;
			defaultConfigurationName = Release;
		};
		8D3C424C240CE7D8002949A2 /* Build configuration list for PBXNativeTarget "11-错误处理" */ = {
			isa = XCConfigurationList;
			buildConfigurations = (
				8D3C424D240CE7D8002949A2 /* Debug */,
				8D3C424E240CE7D8002949A2 /* Release */,
			);
			defaultConfigurationIsVisible = 0;
			defaultConfigurationName = Release;
		};
		8D4E4CA522DB100A00DC58A3 /* Build configuration list for PBXNativeTarget "05-方法" */ = {
			isa = XCConfigurationList;
			buildConfigurations = (
				8D4E4CA322DB100A00DC58A3 /* Debug */,
				8D4E4CA422DB100A00DC58A3 /* Release */,
			);
			defaultConfigurationIsVisible = 0;
			defaultConfigurationName = Release;
		};
		8D4E4CAE22DB1B5500DC58A3 /* Build configuration list for PBXNativeTarget "02-类和结构体" */ = {
			isa = XCConfigurationList;
			buildConfigurations = (
				8D4E4CAF22DB1B5500DC58A3 /* Debug */,
				8D4E4CB022DB1B5500DC58A3 /* Release */,
			);
			defaultConfigurationIsVisible = 0;
			defaultConfigurationName = Release;
		};
		8D4E4CB922DB1C0000DC58A3 /* Build configuration list for PBXNativeTarget "06-下标" */ = {
			isa = XCConfigurationList;
			buildConfigurations = (
				8D4E4CBA22DB1C0000DC58A3 /* Debug */,
				8D4E4CBB22DB1C0000DC58A3 /* Release */,
			);
			defaultConfigurationIsVisible = 0;
			defaultConfigurationName = Release;
		};
		8DBA258A240A54B100E1BBC9 /* Build configuration list for PBXNativeTarget "08-初始化" */ = {
			isa = XCConfigurationList;
			buildConfigurations = (
				8DBA258B240A54B100E1BBC9 /* Debug */,
				8DBA258C240A54B100E1BBC9 /* Release */,
			);
			defaultConfigurationIsVisible = 0;
			defaultConfigurationName = Release;
		};
		8DBA2595240B942400E1BBC9 /* Build configuration list for PBXNativeTarget "09-可选链" */ = {
			isa = XCConfigurationList;
			buildConfigurations = (
				8DBA2596240B942400E1BBC9 /* Debug */,
				8DBA2597240B942400E1BBC9 /* Release */,
			);
			defaultConfigurationIsVisible = 0;
			defaultConfigurationName = Release;
		};
/* End XCConfigurationList section */
	};
	rootObject = 7FA0205E22C616BE007A9BA0 /* Project object */;
}
